// !$*UTF8*$!
{
	archiveVersion = 1;
	classes = {
	};
	objectVersion = 56;
	objects = {

/* Begin PBXBuildFile section */
		20AC8A792BB0A20B001BB43D /* AppDelegate.swift in Sources */ = {isa = PBXBuildFile; fileRef = 20AC8A782BB0A20B001BB43D /* AppDelegate.swift */; };
		20AC8A7B2BB0A20B001BB43D /* SceneDelegate.swift in Sources */ = {isa = PBXBuildFile; fileRef = 20AC8A7A2BB0A20B001BB43D /* SceneDelegate.swift */; };
		20AC8A7D2BB0A20B001BB43D /* ViewController.swift in Sources */ = {isa = PBXBuildFile; fileRef = 20AC8A7C2BB0A20B001BB43D /* ViewController.swift */; };
		20AC8A802BB0A20B001BB43D /* Main.storyboard in Resources */ = {isa = PBXBuildFile; fileRef = 20AC8A7E2BB0A20B001BB43D /* Main.storyboard */; };
		20AC8A822BB0A20C001BB43D /* Assets.xcassets in Resources */ = {isa = PBXBuildFile; fileRef = 20AC8A812BB0A20C001BB43D /* Assets.xcassets */; };
		20AC8A852BB0A20C001BB43D /* LaunchScreen.storyboard in Resources */ = {isa = PBXBuildFile; fileRef = 20AC8A832BB0A20C001BB43D /* LaunchScreen.storyboard */; };
		20AC8A902BB0A20C001BB43D /* Lab_6Tests.swift in Sources */ = {isa = PBXBuildFile; fileRef = 20AC8A8F2BB0A20C001BB43D /* Lab_6Tests.swift */; };
		20AC8A9A2BB0A20C001BB43D /* Lab_6UITests.swift in Sources */ = {isa = PBXBuildFile; fileRef = 20AC8A992BB0A20C001BB43D /* Lab_6UITests.swift */; };
		20AC8A9C2BB0A20C001BB43D /* Lab_6UITestsLaunchTests.swift in Sources */ = {isa = PBXBuildFile; fileRef = 20AC8A9B2BB0A20C001BB43D /* Lab_6UITestsLaunchTests.swift */; };
/* End PBXBuildFile section */

/* Begin PBXContainerItemProxy section */
		20AC8A8C2BB0A20C001BB43D /* PBXContainerItemProxy */ = {
			isa = PBXContainerItemProxy;
			containerPortal = 20AC8A6D2BB0A20B001BB43D /* Project object */;
			proxyType = 1;
			remoteGlobalIDString = 20AC8A742BB0A20B001BB43D;
			remoteInfo = "Lab 6";
		};
		20AC8A962BB0A20C001BB43D /* PBXContainerItemProxy */ = {
			isa = PBXContainerItemProxy;
			containerPortal = 20AC8A6D2BB0A20B001BB43D /* Project object */;
			proxyType = 1;
			remoteGlobalIDString = 20AC8A742BB0A20B001BB43D;
			remoteInfo = "Lab 6";
		};
/* End PBXContainerItemProxy section */

/* Begin PBXFileReference section */
		20AC8A752BB0A20B001BB43D /* Lab 6.app */ = {isa = PBXFileReference; explicitFileType = wrapper.application; includeInIndex = 0; path = "Lab 6.app"; sourceTree = BUILT_PRODUCTS_DIR; };
		20AC8A782BB0A20B001BB43D /* AppDelegate.swift */ = {isa = PBXFileReference; lastKnownFileType = sourcecode.swift; path = AppDelegate.swift; sourceTree = "<group>"; };
		20AC8A7A2BB0A20B001BB43D /* SceneDelegate.swift */ = {isa = PBXFileReference; lastKnownFileType = sourcecode.swift; path = SceneDelegate.swift; sourceTree = "<group>"; };
		20AC8A7C2BB0A20B001BB43D /* ViewController.swift */ = {isa = PBXFileReference; lastKnownFileType = sourcecode.swift; path = ViewController.swift; sourceTree = "<group>"; };
		20AC8A7F2BB0A20B001BB43D /* Base */ = {isa = PBXFileReference; lastKnownFileType = file.storyboard; name = Base; path = Base.lproj/Main.storyboard; sourceTree = "<group>"; };
		20AC8A812BB0A20C001BB43D /* Assets.xcassets */ = {isa = PBXFileReference; lastKnownFileType = folder.assetcatalog; path = Assets.xcassets; sourceTree = "<group>"; };
		20AC8A842BB0A20C001BB43D /* Base */ = {isa = PBXFileReference; lastKnownFileType = file.storyboard; name = Base; path = Base.lproj/LaunchScreen.storyboard; sourceTree = "<group>"; };
		20AC8A862BB0A20C001BB43D /* Info.plist */ = {isa = PBXFileReference; lastKnownFileType = text.plist.xml; path = Info.plist; sourceTree = "<group>"; };
		20AC8A8B2BB0A20C001BB43D /* Lab 6Tests.xctest */ = {isa = PBXFileReference; explicitFileType = wrapper.cfbundle; includeInIndex = 0; path = "Lab 6Tests.xctest"; sourceTree = BUILT_PRODUCTS_DIR; };
		20AC8A8F2BB0A20C001BB43D /* Lab_6Tests.swift */ = {isa = PBXFileReference; lastKnownFileType = sourcecode.swift; path = Lab_6Tests.swift; sourceTree = "<group>"; };
		20AC8A952BB0A20C001BB43D /* Lab 6UITests.xctest */ = {isa = PBXFileReference; explicitFileType = wrapper.cfbundle; includeInIndex = 0; path = "Lab 6UITests.xctest"; sourceTree = BUILT_PRODUCTS_DIR; };
		20AC8A992BB0A20C001BB43D /* Lab_6UITests.swift */ = {isa = PBXFileReference; lastKnownFileType = sourcecode.swift; path = Lab_6UITests.swift; sourceTree = "<group>"; };
		20AC8A9B2BB0A20C001BB43D /* Lab_6UITestsLaunchTests.swift */ = {isa = PBXFileReference; lastKnownFileType = sourcecode.swift; path = Lab_6UITestsLaunchTests.swift; sourceTree = "<group>"; };
/* End PBXFileReference section */

/* Begin PBXFrameworksBuildPhase section */
		20AC8A722BB0A20B001BB43D /* Frameworks */ = {
			isa = PBXFrameworksBuildPhase;
			buildActionMask = 2147483647;
			files = (
			);
			runOnlyForDeploymentPostprocessing = 0;
		};
		20AC8A882BB0A20C001BB43D /* Frameworks */ = {
			isa = PBXFrameworksBuildPhase;
			buildActionMask = 2147483647;
			files = (
			);
			runOnlyForDeploymentPostprocessing = 0;
		};
		20AC8A922BB0A20C001BB43D /* Frameworks */ = {
			isa = PBXFrameworksBuildPhase;
			buildActionMask = 2147483647;
			files = (
			);
			runOnlyForDeploymentPostprocessing = 0;
		};
/* End PBXFrameworksBuildPhase section */

/* Begin PBXGroup section */
		20AC8A6C2BB0A20B001BB43D = {
			isa = PBXGroup;
			children = (
				20AC8A772BB0A20B001BB43D /* Lab 6 */,
				20AC8A8E2BB0A20C001BB43D /* Lab 6Tests */,
				20AC8A982BB0A20C001BB43D /* Lab 6UITests */,
				20AC8A762BB0A20B001BB43D /* Products */,
			);
			sourceTree = "<group>";
		};
		20AC8A762BB0A20B001BB43D /* Products */ = {
			isa = PBXGroup;
			children = (
				20AC8A752BB0A20B001BB43D /* Lab 6.app */,
				20AC8A8B2BB0A20C001BB43D /* Lab 6Tests.xctest */,
				20AC8A952BB0A20C001BB43D /* Lab 6UITests.xctest */,
			);
			name = Products;
			sourceTree = "<group>";
		};
		20AC8A772BB0A20B001BB43D /* Lab 6 */ = {
			isa = PBXGroup;
			children = (
				20AC8A782BB0A20B001BB43D /* AppDelegate.swift */,
				20AC8A7A2BB0A20B001BB43D /* SceneDelegate.swift */,
				20AC8A7C2BB0A20B001BB43D /* ViewController.swift */,
				20AC8A7E2BB0A20B001BB43D /* Main.storyboard */,
				20AC8A812BB0A20C001BB43D /* Assets.xcassets */,
				20AC8A832BB0A20C001BB43D /* LaunchScreen.storyboard */,
				20AC8A862BB0A20C001BB43D /* Info.plist */,
			);
			path = "Lab 6";
			sourceTree = "<group>";
		};
		20AC8A8E2BB0A20C001BB43D /* Lab 6Tests */ = {
			isa = PBXGroup;
			children = (
				20AC8A8F2BB0A20C001BB43D /* Lab_6Tests.swift */,
			);
			path = "Lab 6Tests";
			sourceTree = "<group>";
		};
		20AC8A982BB0A20C001BB43D /* Lab 6UITests */ = {
			isa = PBXGroup;
			children = (
				20AC8A992BB0A20C001BB43D /* Lab_6UITests.swift */,
				20AC8A9B2BB0A20C001BB43D /* Lab_6UITestsLaunchTests.swift */,
			);
			path = "Lab 6UITests";
			sourceTree = "<group>";
		};
/* End PBXGroup section */

/* Begin PBXNativeTarget section */
		20AC8A742BB0A20B001BB43D /* Lab 6 */ = {
			isa = PBXNativeTarget;
			buildConfigurationList = 20AC8A9F2BB0A20C001BB43D /* Build configuration list for PBXNativeTarget "Lab 6" */;
			buildPhases = (
				20AC8A712BB0A20B001BB43D /* Sources */,
				20AC8A722BB0A20B001BB43D /* Frameworks */,
				20AC8A732BB0A20B001BB43D /* Resources */,
			);
			buildRules = (
			);
			dependencies = (
			);
			name = "Lab 6";
			productName = "Lab 6";
			productReference = 20AC8A752BB0A20B001BB43D /* Lab 6.app */;
			productType = "com.apple.product-type.application";
		};
		20AC8A8A2BB0A20C001BB43D /* Lab 6Tests */ = {
			isa = PBXNativeTarget;
			buildConfigurationList = 20AC8AA22BB0A20C001BB43D /* Build configuration list for PBXNativeTarget "Lab 6Tests" */;
			buildPhases = (
				20AC8A872BB0A20C001BB43D /* Sources */,
				20AC8A882BB0A20C001BB43D /* Frameworks */,
				20AC8A892BB0A20C001BB43D /* Resources */,
			);
			buildRules = (
			);
			dependencies = (
				20AC8A8D2BB0A20C001BB43D /* PBXTargetDependency */,
			);
			name = "Lab 6Tests";
			productName = "Lab 6Tests";
			productReference = 20AC8A8B2BB0A20C001BB43D /* Lab 6Tests.xctest */;
			productType = "com.apple.product-type.bundle.unit-test";
		};
		20AC8A942BB0A20C001BB43D /* Lab 6UITests */ = {
			isa = PBXNativeTarget;
			buildConfigurationList = 20AC8AA52BB0A20C001BB43D /* Build configuration list for PBXNativeTarget "Lab 6UITests" */;
			buildPhases = (
				20AC8A912BB0A20C001BB43D /* Sources */,
				20AC8A922BB0A20C001BB43D /* Frameworks */,
				20AC8A932BB0A20C001BB43D /* Resources */,
			);
			buildRules = (
			);
			dependencies = (
				20AC8A972BB0A20C001BB43D /* PBXTargetDependency */,
			);
			name = "Lab 6UITests";
			productName = "Lab 6UITests";
			productReference = 20AC8A952BB0A20C001BB43D /* Lab 6UITests.xctest */;
			productType = "com.apple.product-type.bundle.ui-testing";
		};
/* End PBXNativeTarget section */

/* Begin PBXProject section */
		20AC8A6D2BB0A20B001BB43D /* Project object */ = {
			isa = PBXProject;
			attributes = {
				BuildIndependentTargetsInParallel = 1;
				LastSwiftUpdateCheck = 1520;
				LastUpgradeCheck = 1520;
				TargetAttributes = {
					20AC8A742BB0A20B001BB43D = {
						CreatedOnToolsVersion = 15.2;
					};
					20AC8A8A2BB0A20C001BB43D = {
						CreatedOnToolsVersion = 15.2;
						TestTargetID = 20AC8A742BB0A20B001BB43D;
					};
					20AC8A942BB0A20C001BB43D = {
						CreatedOnToolsVersion = 15.2;
						TestTargetID = 20AC8A742BB0A20B001BB43D;
					};
				};
			};
			buildConfigurationList = 20AC8A702BB0A20B001BB43D /* Build configuration list for PBXProject "Lab 6" */;
			compatibilityVersion = "Xcode 14.0";
			developmentRegion = en;
			hasScannedForEncodings = 0;
			knownRegions = (
				en,
				Base,
			);
			mainGroup = 20AC8A6C2BB0A20B001BB43D;
			productRefGroup = 20AC8A762BB0A20B001BB43D /* Products */;
			projectDirPath = "";
			projectRoot = "";
			targets = (
				20AC8A742BB0A20B001BB43D /* Lab 6 */,
				20AC8A8A2BB0A20C001BB43D /* Lab 6Tests */,
				20AC8A942BB0A20C001BB43D /* Lab 6UITests */,
			);
		};
/* End PBXProject section */

/* Begin PBXResourcesBuildPhase section */
		20AC8A732BB0A20B001BB43D /* Resources */ = {
			isa = PBXResourcesBuildPhase;
			buildActionMask = 2147483647;
			files = (
				20AC8A852BB0A20C001BB43D /* LaunchScreen.storyboard in Resources */,
				20AC8A822BB0A20C001BB43D /* Assets.xcassets in Resources */,
				20AC8A802BB0A20B001BB43D /* Main.storyboard in Resources */,
			);
			runOnlyForDeploymentPostprocessing = 0;
		};
		20AC8A892BB0A20C001BB43D /* Resources */ = {
			isa = PBXResourcesBuildPhase;
			buildActionMask = 2147483647;
			files = (
			);
			runOnlyForDeploymentPostprocessing = 0;
		};
		20AC8A932BB0A20C001BB43D /* Resources */ = {
			isa = PBXResourcesBuildPhase;
			buildActionMask = 2147483647;
			files = (
			);
			runOnlyForDeploymentPostprocessing = 0;
		};
/* End PBXResourcesBuildPhase section */

/* Begin PBXSourcesBuildPhase section */
		20AC8A712BB0A20B001BB43D /* Sources */ = {
			isa = PBXSourcesBuildPhase;
			buildActionMask = 2147483647;
			files = (
				20AC8A7D2BB0A20B001BB43D /* ViewController.swift in Sources */,
				20AC8A792BB0A20B001BB43D /* AppDelegate.swift in Sources */,
				20AC8A7B2BB0A20B001BB43D /* SceneDelegate.swift in Sources */,
			);
			runOnlyForDeploymentPostprocessing = 0;
		};
		20AC8A872BB0A20C001BB43D /* Sources */ = {
			isa = PBXSourcesBuildPhase;
			buildActionMask = 2147483647;
			files = (
				20AC8A902BB0A20C001BB43D /* Lab_6Tests.swift in Sources */,
			);
			runOnlyForDeploymentPostprocessing = 0;
		};
		20AC8A912BB0A20C001BB43D /* Sources */ = {
			isa = PBXSourcesBuildPhase;
			buildActionMask = 2147483647;
			files = (
				20AC8A9A2BB0A20C001BB43D /* Lab_6UITests.swift in Sources */,
				20AC8A9C2BB0A20C001BB43D /* Lab_6UITestsLaunchTests.swift in Sources */,
			);
			runOnlyForDeploymentPostprocessing = 0;
		};
/* End PBXSourcesBuildPhase section */

/* Begin PBXTargetDependency section */
		20AC8A8D2BB0A20C001BB43D /* PBXTargetDependency */ = {
			isa = PBXTargetDependency;
			target = 20AC8A742BB0A20B001BB43D /* Lab 6 */;
			targetProxy = 20AC8A8C2BB0A20C001BB43D /* PBXContainerItemProxy */;
		};
		20AC8A972BB0A20C001BB43D /* PBXTargetDependency */ = {
			isa = PBXTargetDependency;
			target = 20AC8A742BB0A20B001BB43D /* Lab 6 */;
			targetProxy = 20AC8A962BB0A20C001BB43D /* PBXContainerItemProxy */;
		};
/* End PBXTargetDependency section */

/* Begin PBXVariantGroup section */
		20AC8A7E2BB0A20B001BB43D /* Main.storyboard */ = {
			isa = PBXVariantGroup;
			children = (
				20AC8A7F2BB0A20B001BB43D /* Base */,
			);
			name = Main.storyboard;
			sourceTree = "<group>";
		};
		20AC8A832BB0A20C001BB43D /* LaunchScreen.storyboard */ = {
			isa = PBXVariantGroup;
			children = (
				20AC8A842BB0A20C001BB43D /* Base */,
			);
			name = LaunchScreen.storyboard;
			sourceTree = "<group>";
		};
/* End PBXVariantGroup section */

/* Begin XCBuildConfiguration section */
		20AC8A9D2BB0A20C001BB43D /* Debug */ = {
			isa = XCBuildConfiguration;
			buildSettings = {
				ALWAYS_SEARCH_USER_PATHS = NO;
				ASSETCATALOG_COMPILER_GENERATE_SWIFT_ASSET_SYMBOL_EXTENSIONS = YES;
				CLANG_ANALYZER_NONNULL = YES;
				CLANG_ANALYZER_NUMBER_OBJECT_CONVERSION = YES_AGGRESSIVE;
				CLANG_CXX_LANGUAGE_STANDARD = "gnu++20";
				CLANG_ENABLE_MODULES = YES;
				CLANG_ENABLE_OBJC_ARC = YES;
				CLANG_ENABLE_OBJC_WEAK = YES;
				CLANG_WARN_BLOCK_CAPTURE_AUTORELEASING = YES;
				CLANG_WARN_BOOL_CONVERSION = YES;
				CLANG_WARN_COMMA = YES;
				CLANG_WARN_CONSTANT_CONVERSION = YES;
				CLANG_WARN_DEPRECATED_OBJC_IMPLEMENTATIONS = YES;
				CLANG_WARN_DIRECT_OBJC_ISA_USAGE = YES_ERROR;
				CLANG_WARN_DOCUMENTATION_COMMENTS = YES;
				CLANG_WARN_EMPTY_BODY = YES;
				CLANG_WARN_ENUM_CONVERSION = YES;
				CLANG_WARN_INFINITE_RECURSION = YES;
				CLANG_WARN_INT_CONVERSION = YES;
				CLANG_WARN_NON_LITERAL_NULL_CONVERSION = YES;
				CLANG_WARN_OBJC_IMPLICIT_RETAIN_SELF = YES;
				CLANG_WARN_OBJC_LITERAL_CONVERSION = YES;
				CLANG_WARN_OBJC_ROOT_CLASS = YES_ERROR;
				CLANG_WARN_QUOTED_INCLUDE_IN_FRAMEWORK_HEADER = YES;
				CLANG_WARN_RANGE_LOOP_ANALYSIS = YES;
				CLANG_WARN_STRICT_PROTOTYPES = YES;
				CLANG_WARN_SUSPICIOUS_MOVE = YES;
				CLANG_WARN_UNGUARDED_AVAILABILITY = YES_AGGRESSIVE;
				CLANG_WARN_UNREACHABLE_CODE = YES;
				CLANG_WARN__DUPLICATE_METHOD_MATCH = YES;
				COPY_PHASE_STRIP = NO;
				DEBUG_INFORMATION_FORMAT = dwarf;
				ENABLE_STRICT_OBJC_MSGSEND = YES;
				ENABLE_TESTABILITY = YES;
				ENABLE_USER_SCRIPT_SANDBOXING = YES;
				GCC_C_LANGUAGE_STANDARD = gnu17;
				GCC_DYNAMIC_NO_PIC = NO;
				GCC_NO_COMMON_BLOCKS = YES;
				GCC_OPTIMIZATION_LEVEL = 0;
				GCC_PREPROCESSOR_DEFINITIONS = (
					"DEBUG=1",
					"$(inherited)",
				);
				GCC_WARN_64_TO_32_BIT_CONVERSION = YES;
				GCC_WARN_ABOUT_RETURN_TYPE = YES_ERROR;
				GCC_WARN_UNDECLARED_SELECTOR = YES;
				GCC_WARN_UNINITIALIZED_AUTOS = YES_AGGRESSIVE;
				GCC_WARN_UNUSED_FUNCTION = YES;
				GCC_WARN_UNUSED_VARIABLE = YES;
				IPHONEOS_DEPLOYMENT_TARGET = 17.2;
				LOCALIZATION_PREFERS_STRING_CATALOGS = YES;
				MTL_ENABLE_DEBUG_INFO = INCLUDE_SOURCE;
				MTL_FAST_MATH = YES;
				ONLY_ACTIVE_ARCH = YES;
				SDKROOT = iphoneos;
				SWIFT_ACTIVE_COMPILATION_CONDITIONS = "DEBUG $(inherited)";
				SWIFT_OPTIMIZATION_LEVEL = "-Onone";
			};
			name = Debug;
		};
		20AC8A9E2BB0A20C001BB43D /* Release */ = {
			isa = XCBuildConfiguration;
			buildSettings = {
				ALWAYS_SEARCH_USER_PATHS = NO;
				ASSETCATALOG_COMPILER_GENERATE_SWIFT_ASSET_SYMBOL_EXTENSIONS = YES;
				CLANG_ANALYZER_NONNULL = YES;
				CLANG_ANALYZER_NUMBER_OBJECT_CONVERSION = YES_AGGRESSIVE;
				CLANG_CXX_LANGUAGE_STANDARD = "gnu++20";
				CLANG_ENABLE_MODULES = YES;
				CLANG_ENABLE_OBJC_ARC = YES;
				CLANG_ENABLE_OBJC_WEAK = YES;
				CLANG_WARN_BLOCK_CAPTURE_AUTORELEASING = YES;
				CLANG_WARN_BOOL_CONVERSION = YES;
				CLANG_WARN_COMMA = YES;
				CLANG_WARN_CONSTANT_CONVERSION = YES;
				CLANG_WARN_DEPRECATED_OBJC_IMPLEMENTATIONS = YES;
				CLANG_WARN_DIRECT_OBJC_ISA_USAGE = YES_ERROR;
				CLANG_WARN_DOCUMENTATION_COMMENTS = YES;
				CLANG_WARN_EMPTY_BODY = YES;
				CLANG_WARN_ENUM_CONVERSION = YES;
				CLANG_WARN_INFINITE_RECURSION = YES;
				CLANG_WARN_INT_CONVERSION = YES;
				CLANG_WARN_NON_LITERAL_NULL_CONVERSION = YES;
				CLANG_WARN_OBJC_IMPLICIT_RETAIN_SELF = YES;
				CLANG_WARN_OBJC_LITERAL_CONVERSION = YES;
				CLANG_WARN_OBJC_ROOT_CLASS = YES_ERROR;
				CLANG_WARN_QUOTED_INCLUDE_IN_FRAMEWORK_HEADER = YES;
				CLANG_WARN_RANGE_LOOP_ANALYSIS = YES;
				CLANG_WARN_STRICT_PROTOTYPES = YES;
				CLANG_WARN_SUSPICIOUS_MOVE = YES;
				CLANG_WARN_UNGUARDED_AVAILABILITY = YES_AGGRESSIVE;
				CLANG_WARN_UNREACHABLE_CODE = YES;
				CLANG_WARN__DUPLICATE_METHOD_MATCH = YES;
				COPY_PHASE_STRIP = NO;
				DEBUG_INFORMATION_FORMAT = "dwarf-with-dsym";
				ENABLE_NS_ASSERTIONS = NO;
				ENABLE_STRICT_OBJC_MSGSEND = YES;
				ENABLE_USER_SCRIPT_SANDBOXING = YES;
				GCC_C_LANGUAGE_STANDARD = gnu17;
				GCC_NO_COMMON_BLOCKS = YES;
				GCC_WARN_64_TO_32_BIT_CONVERSION = YES;
				GCC_WARN_ABOUT_RETURN_TYPE = YES_ERROR;
				GCC_WARN_UNDECLARED_SELECTOR = YES;
				GCC_WARN_UNINITIALIZED_AUTOS = YES_AGGRESSIVE;
				GCC_WARN_UNUSED_FUNCTION = YES;
				GCC_WARN_UNUSED_VARIABLE = YES;
				IPHONEOS_DEPLOYMENT_TARGET = 17.2;
				LOCALIZATION_PREFERS_STRING_CATALOGS = YES;
				MTL_ENABLE_DEBUG_INFO = NO;
				MTL_FAST_MATH = YES;
				SDKROOT = iphoneos;
				SWIFT_COMPILATION_MODE = wholemodule;
				VALIDATE_PRODUCT = YES;
			};
			name = Release;
		};
		20AC8AA02BB0A20C001BB43D /* Debug */ = {
			isa = XCBuildConfiguration;
			buildSettings = {
				ASSETCATALOG_COMPILER_APPICON_NAME = AppIcon;
				ASSETCATALOG_COMPILER_GLOBAL_ACCENT_COLOR_NAME = AccentColor;
				CODE_SIGN_STYLE = Automatic;
				CURRENT_PROJECT_VERSION = 1;
				GENERATE_INFOPLIST_FILE = YES;
				INFOPLIST_FILE = "Lab 6/Info.plist";
				INFOPLIST_KEY_UIApplicationSupportsIndirectInputEvents = YES;
				INFOPLIST_KEY_UILaunchStoryboardName = LaunchScreen;
				INFOPLIST_KEY_UIMainStoryboardFile = Main;
				INFOPLIST_KEY_UISupportedInterfaceOrientations_iPad = "UIInterfaceOrientationPortrait UIInterfaceOrientationPortraitUpsideDown UIInterfaceOrientationLandscapeLeft UIInterfaceOrientationLandscapeRight";
				INFOPLIST_KEY_UISupportedInterfaceOrientations_iPhone = "UIInterfaceOrientationPortrait UIInterfaceOrientationLandscapeLeft UIInterfaceOrientationLandscapeRight";
				LD_RUNPATH_SEARCH_PATHS = (
					"$(inherited)",
					"@executable_path/Frameworks",
				);
				MARKETING_VERSION = 1.0;
				PRODUCT_BUNDLE_IDENTIFIER = "IOS-Mob.Lab-6";
				PRODUCT_NAME = "$(TARGET_NAME)";
				SWIFT_EMIT_LOC_STRINGS = YES;
				SWIFT_VERSION = 5.0;
				TARGETED_DEVICE_FAMILY = "1,2";
			};
			name = Debug;
		};
		20AC8AA12BB0A20C001BB43D /* Release */ = {
			isa = XCBuildConfiguration;
			buildSettings = {
				ASSETCATALOG_COMPILER_APPICON_NAME = AppIcon;
				ASSETCATALOG_COMPILER_GLOBAL_ACCENT_COLOR_NAME = AccentColor;
				CODE_SIGN_STYLE = Automatic;
				CURRENT_PROJECT_VERSION = 1;
				GENERATE_INFOPLIST_FILE = YES;
				INFOPLIST_FILE = "Lab 6/Info.plist";
				INFOPLIST_KEY_UIApplicationSupportsIndirectInputEvents = YES;
				INFOPLIST_KEY_UILaunchStoryboardName = LaunchScreen;
				INFOPLIST_KEY_UIMainStoryboardFile = Main;
				INFOPLIST_KEY_UISupportedInterfaceOrientations_iPad = "UIInterfaceOrientationPortrait UIInterfaceOrientationPortraitUpsideDown UIInterfaceOrientationLandscapeLeft UIInterfaceOrientationLandscapeRight";
				INFOPLIST_KEY_UISupportedInterfaceOrientations_iPhone = "UIInterfaceOrientationPortrait UIInterfaceOrientationLandscapeLeft UIInterfaceOrientationLandscapeRight";
				LD_RUNPATH_SEARCH_PATHS = (
					"$(inherited)",
					"@executable_path/Frameworks",
				);
				MARKETING_VERSION = 1.0;
				PRODUCT_BUNDLE_IDENTIFIER = "IOS-Mob.Lab-6";
				PRODUCT_NAME = "$(TARGET_NAME)";
				SWIFT_EMIT_LOC_STRINGS = YES;
				SWIFT_VERSION = 5.0;
				TARGETED_DEVICE_FAMILY = "1,2";
			};
			name = Release;
		};
		20AC8AA32BB0A20C001BB43D /* Debug */ = {
			isa = XCBuildConfiguration;
			buildSettings = {
				ALWAYS_EMBED_SWIFT_STANDARD_LIBRARIES = YES;
				BUNDLE_LOADER = "$(TEST_HOST)";
				CODE_SIGN_STYLE = Automatic;
				CURRENT_PROJECT_VERSION = 1;
				GENERATE_INFOPLIST_FILE = YES;
				IPHONEOS_DEPLOYMENT_TARGET = 17.2;
				MARKETING_VERSION = 1.0;
				PRODUCT_BUNDLE_IDENTIFIER = "IOS-Mob.Lab-6Tests";
				PRODUCT_NAME = "$(TARGET_NAME)";
				SWIFT_EMIT_LOC_STRINGS = NO;
				SWIFT_VERSION = 5.0;
				TARGETED_DEVICE_FAMILY = "1,2";
				TEST_HOST = "$(BUILT_PRODUCTS_DIR)/Lab 6.app/$(BUNDLE_EXECUTABLE_FOLDER_PATH)/Lab 6";
			};
			name = Debug;
		};
		20AC8AA42BB0A20C001BB43D /* Release */ = {
			isa = XCBuildConfiguration;
			buildSettings = {
				ALWAYS_EMBED_SWIFT_STANDARD_LIBRARIES = YES;
				BUNDLE_LOADER = "$(TEST_HOST)";
				CODE_SIGN_STYLE = Automatic;
				CURRENT_PROJECT_VERSION = 1;
				GENERATE_INFOPLIST_FILE = YES;
				IPHONEOS_DEPLOYMENT_TARGET = 17.2;
				MARKETING_VERSION = 1.0;
				PRODUCT_BUNDLE_IDENTIFIER = "IOS-Mob.Lab-6Tests";
				PRODUCT_NAME = "$(TARGET_NAME)";
				SWIFT_EMIT_LOC_STRINGS = NO;
				SWIFT_VERSION = 5.0;
				TARGETED_DEVICE_FAMILY = "1,2";
				TEST_HOST = "$(BUILT_PRODUCTS_DIR)/Lab 6.app/$(BUNDLE_EXECUTABLE_FOLDER_PATH)/Lab 6";
			};
			name = Release;
		};
		20AC8AA62BB0A20C001BB43D /* Debug */ = {
			isa = XCBuildConfiguration;
			buildSettings = {
				ALWAYS_EMBED_SWIFT_STANDARD_LIBRARIES = YES;
				CODE_SIGN_STYLE = Automatic;
				CURRENT_PROJECT_VERSION = 1;
				GENERATE_INFOPLIST_FILE = YES;
				MARKETING_VERSION = 1.0;
				PRODUCT_BUNDLE_IDENTIFIER = "IOS-Mob.Lab-6UITests";
				PRODUCT_NAME = "$(TARGET_NAME)";
				SWIFT_EMIT_LOC_STRINGS = NO;
				SWIFT_VERSION = 5.0;
				TARGETED_DEVICE_FAMILY = "1,2";
				TEST_TARGET_NAME = "Lab 6";
			};
			name = Debug;
		};
		20AC8AA72BB0A20C001BB43D /* Release */ = {
			isa = XCBuildConfiguration;
			buildSettings = {
				ALWAYS_EMBED_SWIFT_STANDARD_LIBRARIES = YES;
				CODE_SIGN_STYLE = Automatic;
				CURRENT_PROJECT_VERSION = 1;
				GENERATE_INFOPLIST_FILE = YES;
				MARKETING_VERSION = 1.0;
				PRODUCT_BUNDLE_IDENTIFIER = "IOS-Mob.Lab-6UITests";
				PRODUCT_NAME = "$(TARGET_NAME)";
				SWIFT_EMIT_LOC_STRINGS = NO;
				SWIFT_VERSION = 5.0;
				TARGETED_DEVICE_FAMILY = "1,2";
				TEST_TARGET_NAME = "Lab 6";
			};
			name = Release;
		};
/* End XCBuildConfiguration section */

/* Begin XCConfigurationList section */
		20AC8A702BB0A20B001BB43D /* Build configuration list for PBXProject "Lab 6" */ = {
			isa = XCConfigurationList;
			buildConfigurations = (
				20AC8A9D2BB0A20C001BB43D /* Debug */,
				20AC8A9E2BB0A20C001BB43D /* Release */,
			);
			defaultConfigurationIsVisible = 0;
			defaultConfigurationName = Release;
		};
		20AC8A9F2BB0A20C001BB43D /* Build configuration list for PBXNativeTarget "Lab 6" */ = {
			isa = XCConfigurationList;
			buildConfigurations = (
				20AC8AA02BB0A20C001BB43D /* Debug */,
				20AC8AA12BB0A20C001BB43D /* Release */,
			);
			defaultConfigurationIsVisible = 0;
			defaultConfigurationName = Release;
		};
		20AC8AA22BB0A20C001BB43D /* Build configuration list for PBXNativeTarget "Lab 6Tests" */ = {
			isa = XCConfigurationList;
			buildConfigurations = (
				20AC8AA32BB0A20C001BB43D /* Debug */,
				20AC8AA42BB0A20C001BB43D /* Release */,
			);
			defaultConfigurationIsVisible = 0;
			defaultConfigurationName = Release;
		};
		20AC8AA52BB0A20C001BB43D /* Build configuration list for PBXNativeTarget "Lab 6UITests" */ = {
			isa = XCConfigurationList;
			buildConfigurations = (
				20AC8AA62BB0A20C001BB43D /* Debug */,
				20AC8AA72BB0A20C001BB43D /* Release */,
			);
			defaultConfigurationIsVisible = 0;
			defaultConfigurationName = Release;
		};
/* End XCConfigurationList section */
	};
	rootObject = 20AC8A6D2BB0A20B001BB43D /* Project object */;
}
